// !$*UTF8*$!
{
	archiveVersion = 1;
	classes = {
	};
	objectVersion = 46;
	objects = {

/* Begin PBXBuildFile section */
		04199431193798760089E457 /* Foundation.framework in Frameworks */ = {isa = PBXBuildFile; fileRef = 04199430193798760089E457 /* Foundation.framework */; };
		04199433193798760089E457 /* CoreGraphics.framework in Frameworks */ = {isa = PBXBuildFile; fileRef = 04199432193798760089E457 /* CoreGraphics.framework */; };
		04199435193798760089E457 /* UIKit.framework in Frameworks */ = {isa = PBXBuildFile; fileRef = 04199434193798760089E457 /* UIKit.framework */; };
		0419943B193798760089E457 /* InfoPlist.strings in Resources */ = {isa = PBXBuildFile; fileRef = 04199439193798760089E457 /* InfoPlist.strings */; };
		0419943D193798760089E457 /* main.m in Sources */ = {isa = PBXBuildFile; fileRef = 0419943C193798760089E457 /* main.m */; };
		04199441193798760089E457 /* PAAppDelegate.m in Sources */ = {isa = PBXBuildFile; fileRef = 04199440193798760089E457 /* PAAppDelegate.m */; };
		04199444193798760089E457 /* Main.storyboard in Resources */ = {isa = PBXBuildFile; fileRef = 04199442193798760089E457 /* Main.storyboard */; };
		04199447193798760089E457 /* PAViewController.m in Sources */ = {isa = PBXBuildFile; fileRef = 04199446193798760089E457 /* PAViewController.m */; };
		04199449193798760089E457 /* Images.xcassets in Resources */ = {isa = PBXBuildFile; fileRef = 04199448193798760089E457 /* Images.xcassets */; };
		04199450193798760089E457 /* XCTest.framework in Frameworks */ = {isa = PBXBuildFile; fileRef = 0419944F193798760089E457 /* XCTest.framework */; };
		04199451193798760089E457 /* Foundation.framework in Frameworks */ = {isa = PBXBuildFile; fileRef = 04199430193798760089E457 /* Foundation.framework */; };
		04199452193798760089E457 /* UIKit.framework in Frameworks */ = {isa = PBXBuildFile; fileRef = 04199434193798760089E457 /* UIKit.framework */; };
		0419945A193798760089E457 /* InfoPlist.strings in Resources */ = {isa = PBXBuildFile; fileRef = 04199458193798760089E457 /* InfoPlist.strings */; };
		0419945C193798760089E457 /* Git_testTests.m in Sources */ = {isa = PBXBuildFile; fileRef = 0419945B193798760089E457 /* Git_testTests.m */; };
/* End PBXBuildFile section */

/* Begin PBXContainerItemProxy section */
		04199453193798760089E457 /* PBXContainerItemProxy */ = {
			isa = PBXContainerItemProxy;
			containerPortal = 04199425193798760089E457 /* Project object */;
			proxyType = 1;
			remoteGlobalIDString = 0419942C193798760089E457;
			remoteInfo = "Git test";
		};
/* End PBXContainerItemProxy section */

/* Begin PBXFileReference section */
		0419942D193798760089E457 /* Git test.app */ = {isa = PBXFileReference; explicitFileType = wrapper.application; includeInIndex = 0; path = "Git test.app"; sourceTree = BUILT_PRODUCTS_DIR; };
		04199430193798760089E457 /* Foundation.framework */ = {isa = PBXFileReference; lastKnownFileType = wrapper.framework; name = Foundation.framework; path = System/Library/Frameworks/Foundation.framework; sourceTree = SDKROOT; };
		04199432193798760089E457 /* CoreGraphics.framework */ = {isa = PBXFileReference; lastKnownFileType = wrapper.framework; name = CoreGraphics.framework; path = System/Library/Frameworks/CoreGraphics.framework; sourceTree = SDKROOT; };
		04199434193798760089E457 /* UIKit.framework */ = {isa = PBXFileReference; lastKnownFileType = wrapper.framework; name = UIKit.framework; path = System/Library/Frameworks/UIKit.framework; sourceTree = SDKROOT; };
		04199438193798760089E457 /* Git test-Info.plist */ = {isa = PBXFileReference; lastKnownFileType = text.plist.xml; path = "Git test-Info.plist"; sourceTree = "<group>"; };
		0419943A193798760089E457 /* en */ = {isa = PBXFileReference; lastKnownFileType = text.plist.strings; name = en; path = en.lproj/InfoPlist.strings; sourceTree = "<group>"; };
		0419943C193798760089E457 /* main.m */ = {isa = PBXFileReference; lastKnownFileType = sourcecode.c.objc; path = main.m; sourceTree = "<group>"; };
		0419943E193798760089E457 /* Git test-Prefix.pch */ = {isa = PBXFileReference; lastKnownFileType = sourcecode.c.h; path = "Git test-Prefix.pch"; sourceTree = "<group>"; };
		0419943F193798760089E457 /* PAAppDelegate.h */ = {isa = PBXFileReference; lastKnownFileType = sourcecode.c.h; path = PAAppDelegate.h; sourceTree = "<group>"; };
		04199440193798760089E457 /* PAAppDelegate.m */ = {isa = PBXFileReference; lastKnownFileType = sourcecode.c.objc; path = PAAppDelegate.m; sourceTree = "<group>"; };
		04199443193798760089E457 /* Base */ = {isa = PBXFileReference; lastKnownFileType = file.storyboard; name = Base; path = Base.lproj/Main.storyboard; sourceTree = "<group>"; };
		04199445193798760089E457 /* PAViewController.h */ = {isa = PBXFileReference; lastKnownFileType = sourcecode.c.h; path = PAViewController.h; sourceTree = "<group>"; };
		04199446193798760089E457 /* PAViewController.m */ = {isa = PBXFileReference; lastKnownFileType = sourcecode.c.objc; path = PAViewController.m; sourceTree = "<group>"; };
		04199448193798760089E457 /* Images.xcassets */ = {isa = PBXFileReference; lastKnownFileType = folder.assetcatalog; path = Images.xcassets; sourceTree = "<group>"; };
		0419944E193798760089E457 /* Git testTests.xctest */ = {isa = PBXFileReference; explicitFileType = wrapper.cfbundle; includeInIndex = 0; path = "Git testTests.xctest"; sourceTree = BUILT_PRODUCTS_DIR; };
		0419944F193798760089E457 /* XCTest.framework */ = {isa = PBXFileReference; lastKnownFileType = wrapper.framework; name = XCTest.framework; path = Library/Frameworks/XCTest.framework; sourceTree = DEVELOPER_DIR; };
		04199457193798760089E457 /* Git testTests-Info.plist */ = {isa = PBXFileReference; lastKnownFileType = text.plist.xml; path = "Git testTests-Info.plist"; sourceTree = "<group>"; };
		04199459193798760089E457 /* en */ = {isa = PBXFileReference; lastKnownFileType = text.plist.strings; name = en; path = en.lproj/InfoPlist.strings; sourceTree = "<group>"; };
		0419945B193798760089E457 /* Git_testTests.m */ = {isa = PBXFileReference; lastKnownFileType = sourcecode.c.objc; path = Git_testTests.m; sourceTree = "<group>"; };
/* End PBXFileReference section */

/* Begin PBXFrameworksBuildPhase section */
		0419942A193798760089E457 /* Frameworks */ = {
			isa = PBXFrameworksBuildPhase;
			buildActionMask = 2147483647;
			files = (
				04199433193798760089E457 /* CoreGraphics.framework in Frameworks */,
				04199435193798760089E457 /* UIKit.framework in Frameworks */,
				04199431193798760089E457 /* Foundation.framework in Frameworks */,
			);
			runOnlyForDeploymentPostprocessing = 0;
		};
		0419944B193798760089E457 /* Frameworks */ = {
			isa = PBXFrameworksBuildPhase;
			buildActionMask = 2147483647;
			files = (
				04199450193798760089E457 /* XCTest.framework in Frameworks */,
				04199452193798760089E457 /* UIKit.framework in Frameworks */,
				04199451193798760089E457 /* Foundation.framework in Frameworks */,
			);
			runOnlyForDeploymentPostprocessing = 0;
		};
/* End PBXFrameworksBuildPhase section */

/* Begin PBXGroup section */
		04199424193798760089E457 = {
			isa = PBXGroup;
			children = (
				04199436193798760089E457 /* Git test */,
				04199455193798760089E457 /* Git testTests */,
				0419942F193798760089E457 /* Frameworks */,
				0419942E193798760089E457 /* Products */,
			);
			sourceTree = "<group>";
		};
		0419942E193798760089E457 /* Products */ = {
			isa = PBXGroup;
			children = (
				0419942D193798760089E457 /* Git test.app */,
				0419944E193798760089E457 /* Git testTests.xctest */,
			);
			name = Products;
			sourceTree = "<group>";
		};
		0419942F193798760089E457 /* Frameworks */ = {
			isa = PBXGroup;
			children = (
				04199430193798760089E457 /* Foundation.framework */,
				04199432193798760089E457 /* CoreGraphics.framework */,
				04199434193798760089E457 /* UIKit.framework */,
				0419944F193798760089E457 /* XCTest.framework */,
			);
			name = Frameworks;
			sourceTree = "<group>";
		};
		04199436193798760089E457 /* Git test */ = {
			isa = PBXGroup;
			children = (
				0419943F193798760089E457 /* PAAppDelegate.h */,
				04199440193798760089E457 /* PAAppDelegate.m */,
				04199442193798760089E457 /* Main.storyboard */,
				04199445193798760089E457 /* PAViewController.h */,
				04199446193798760089E457 /* PAViewController.m */,
				04199448193798760089E457 /* Images.xcassets */,
				04199437193798760089E457 /* Supporting Files */,
			);
			path = "Git test";
			sourceTree = "<group>";
		};
		04199437193798760089E457 /* Supporting Files */ = {
			isa = PBXGroup;
			children = (
				04199438193798760089E457 /* Git test-Info.plist */,
				04199439193798760089E457 /* InfoPlist.strings */,
				0419943C193798760089E457 /* main.m */,
				0419943E193798760089E457 /* Git test-Prefix.pch */,
			);
			name = "Supporting Files";
			sourceTree = "<group>";
		};
		04199455193798760089E457 /* Git testTests */ = {
			isa = PBXGroup;
			children = (
				0419945B193798760089E457 /* Git_testTests.m */,
				04199456193798760089E457 /* Supporting Files */,
			);
			path = "Git testTests";
			sourceTree = "<group>";
		};
		04199456193798760089E457 /* Supporting Files */ = {
			isa = PBXGroup;
			children = (
				04199457193798760089E457 /* Git testTests-Info.plist */,
				04199458193798760089E457 /* InfoPlist.strings */,
			);
			name = "Supporting Files";
			sourceTree = "<group>";
		};
/* End PBXGroup section */

/* Begin PBXNativeTarget section */
		0419942C193798760089E457 /* Git test */ = {
			isa = PBXNativeTarget;
			buildConfigurationList = 0419945F193798760089E457 /* Build configuration list for PBXNativeTarget "Git test" */;
			buildPhases = (
				04199429193798760089E457 /* Sources */,
				0419942A193798760089E457 /* Frameworks */,
				0419942B193798760089E457 /* Resources */,
			);
			buildRules = (
			);
			dependencies = (
			);
			name = "Git test";
			productName = "Git test";
			productReference = 0419942D193798760089E457 /* Git test.app */;
			productType = "com.apple.product-type.application";
		};
		0419944D193798760089E457 /* Git testTests */ = {
			isa = PBXNativeTarget;
			buildConfigurationList = 04199462193798760089E457 /* Build configuration list for PBXNativeTarget "Git testTests" */;
			buildPhases = (
				0419944A193798760089E457 /* Sources */,
				0419944B193798760089E457 /* Frameworks */,
				0419944C193798760089E457 /* Resources */,
			);
			buildRules = (
			);
			dependencies = (
				04199454193798760089E457 /* PBXTargetDependency */,
			);
			name = "Git testTests";
			productName = "Git testTests";
			productReference = 0419944E193798760089E457 /* Git testTests.xctest */;
			productType = "com.apple.product-type.bundle.unit-test";
		};
/* End PBXNativeTarget section */

/* Begin PBXProject section */
		04199425193798760089E457 /* Project object */ = {
			isa = PBXProject;
			attributes = {
				CLASSPREFIX = PA;
				LastUpgradeCheck = 0510;
				ORGANIZATIONNAME = joiss;
				TargetAttributes = {
					0419944D193798760089E457 = {
						TestTargetID = 0419942C193798760089E457;
					};
				};
			};
			buildConfigurationList = 04199428193798760089E457 /* Build configuration list for PBXProject "Git test" */;
			compatibilityVersion = "Xcode 3.2";
			developmentRegion = English;
			hasScannedForEncodings = 0;
			knownRegions = (
				en,
				Base,
			);
			mainGroup = 04199424193798760089E457;
			productRefGroup = 0419942E193798760089E457 /* Products */;
			projectDirPath = "";
			projectRoot = "";
			targets = (
				0419942C193798760089E457 /* Git test */,
				0419944D193798760089E457 /* Git testTests */,
			);
		};
/* End PBXProject section */

/* Begin PBXResourcesBuildPhase section */
		0419942B193798760089E457 /* Resources */ = {
			isa = PBXResourcesBuildPhase;
			buildActionMask = 2147483647;
			files = (
				04199449193798760089E457 /* Images.xcassets in Resources */,
				0419943B193798760089E457 /* InfoPlist.strings in Resources */,
				04199444193798760089E457 /* Main.storyboard in Resources */,
			);
			runOnlyForDeploymentPostprocessing = 0;
		};
		0419944C193798760089E457 /* Resources */ = {
			isa = PBXResourcesBuildPhase;
			buildActionMask = 2147483647;
			files = (
				0419945A193798760089E457 /* InfoPlist.strings in Resources */,
			);
			runOnlyForDeploymentPostprocessing = 0;
		};
/* End PBXResourcesBuildPhase section */

/* Begin PBXSourcesBuildPhase section */
		04199429193798760089E457 /* Sources */ = {
			isa = PBXSourcesBuildPhase;
			buildActionMask = 2147483647;
			files = (
				0419943D193798760089E457 /* main.m in Sources */,
				04199447193798760089E457 /* PAViewController.m in Sources */,
				04199441193798760089E457 /* PAAppDelegate.m in Sources */,
			);
			runOnlyForDeploymentPostprocessing = 0;
		};
		0419944A193798760089E457 /* Sources */ = {
			isa = PBXSourcesBuildPhase;
			buildActionMask = 2147483647;
			files = (
				0419945C193798760089E457 /* Git_testTests.m in Sources */,
			);
			runOnlyForDeploymentPostprocessing = 0;
		};
/* End PBXSourcesBuildPhase section */

/* Begin PBXTargetDependency section */
		04199454193798760089E457 /* PBXTargetDependency */ = {
			isa = PBXTargetDependency;
			target = 0419942C193798760089E457 /* Git test */;
			targetProxy = 04199453193798760089E457 /* PBXContainerItemProxy */;
		};
/* End PBXTargetDependency section */

/* Begin PBXVariantGroup section */
		04199439193798760089E457 /* InfoPlist.strings */ = {
			isa = PBXVariantGroup;
			children = (
				0419943A193798760089E457 /* en */,
			);
			name = InfoPlist.strings;
			sourceTree = "<group>";
		};
		04199442193798760089E457 /* Main.storyboard */ = {
			isa = PBXVariantGroup;
			children = (
				04199443193798760089E457 /* Base */,
			);
			name = Main.storyboard;
			sourceTree = "<group>";
		};
		04199458193798760089E457 /* InfoPlist.strings */ = {
			isa = PBXVariantGroup;
			children = (
				04199459193798760089E457 /* en */,
			);
			name = InfoPlist.strings;
			sourceTree = "<group>";
		};
/* End PBXVariantGroup section */

/* Begin XCBuildConfiguration section */
		0419945D193798760089E457 /* Debug */ = {
			isa = XCBuildConfiguration;
			buildSettings = {
				ALWAYS_SEARCH_USER_PATHS = NO;
				CLANG_CXX_LANGUAGE_STANDARD = "gnu++0x";
				CLANG_CXX_LIBRARY = "libc++";
				CLANG_ENABLE_MODULES = YES;
				CLANG_ENABLE_OBJC_ARC = YES;
				CLANG_WARN_BOOL_CONVERSION = YES;
				CLANG_WARN_CONSTANT_CONVERSION = YES;
				CLANG_WARN_DIRECT_OBJC_ISA_USAGE = YES_ERROR;
				CLANG_WARN_EMPTY_BODY = YES;
				CLANG_WARN_ENUM_CONVERSION = YES;
				CLANG_WARN_INT_CONVERSION = YES;
				CLANG_WARN_OBJC_ROOT_CLASS = YES_ERROR;
				CLANG_WARN__DUPLICATE_METHOD_MATCH = YES;
				"CODE_SIGN_IDENTITY[sdk=iphoneos*]" = "iPhone Developer";
				COPY_PHASE_STRIP = NO;
				GCC_C_LANGUAGE_STANDARD = gnu99;
				GCC_DYNAMIC_NO_PIC = NO;
				GCC_OPTIMIZATION_LEVEL = 0;
				GCC_PREPROCESSOR_DEFINITIONS = (
					"DEBUG=1",
					"$(inherited)",
				);
				GCC_SYMBOLS_PRIVATE_EXTERN = NO;
				GCC_WARN_64_TO_32_BIT_CONVERSION = YES;
				GCC_WARN_ABOUT_RETURN_TYPE = YES_ERROR;
				GCC_WARN_UNDECLARED_SELECTOR = YES;
				GCC_WARN_UNINITIALIZED_AUTOS = YES_AGGRESSIVE;
				GCC_WARN_UNUSED_FUNCTION = YES;
				GCC_WARN_UNUSED_VARIABLE = YES;
				IPHONEOS_DEPLOYMENT_TARGET = 7.1;
				ONLY_ACTIVE_ARCH = YES;
				SDKROOT = iphoneos;
			};
			name = Debug;
		};
		0419945E193798760089E457 /* Release */ = {
			isa = XCBuildConfiguration;
			buildSettings = {
				ALWAYS_SEARCH_USER_PATHS = NO;
				CLANG_CXX_LANGUAGE_STANDARD = "gnu++0x";
				CLANG_CXX_LIBRARY = "libc++";
				CLANG_ENABLE_MODULES = YES;
				CLANG_ENABLE_OBJC_ARC = YES;
				CLANG_WARN_BOOL_CONVERSION = YES;
				CLANG_WARN_CONSTANT_CONVERSION = YES;
				CLANG_WARN_DIRECT_OBJC_ISA_USAGE = YES_ERROR;
				CLANG_WARN_EMPTY_BODY = YES;
				CLANG_WARN_ENUM_CONVERSION = YES;
				CLANG_WARN_INT_CONVERSION = YES;
				CLANG_WARN_OBJC_ROOT_CLASS = YES_ERROR;
				CLANG_WARN__DUPLICATE_METHOD_MATCH = YES;
				"CODE_SIGN_IDENTITY[sdk=iphoneos*]" = "iPhone Developer";
				COPY_PHASE_STRIP = YES;
				ENABLE_NS_ASSERTIONS = NO;
				GCC_C_LANGUAGE_STANDARD = gnu99;
				GCC_WARN_64_TO_32_BIT_CONVERSION = YES;
				GCC_WARN_ABOUT_RETURN_TYPE = YES_ERROR;
				GCC_WARN_UNDECLARED_SELECTOR = YES;
				GCC_WARN_UNINITIALIZED_AUTOS = YES_AGGRESSIVE;
				GCC_WARN_UNUSED_FUNCTION = YES;
				GCC_WARN_UNUSED_VARIABLE = YES;
				IPHONEOS_DEPLOYMENT_TARGET = 7.1;
				SDKROOT = iphoneos;
				VALIDATE_PRODUCT = YES;
			};
			name = Release;
		};
		04199460193798760089E457 /* Debug */ = {
			isa = XCBuildConfiguration;
			buildSettings = {
				ASSETCATALOG_COMPILER_APPICON_NAME = AppIcon;
				ASSETCATALOG_COMPILER_LAUNCHIMAGE_NAME = LaunchImage;
				GCC_PRECOMPILE_PREFIX_HEADER = YES;
				GCC_PREFIX_HEADER = "Git test/Git test-Prefix.pch";
				INFOPLIST_FILE = "Git test/Git test-Info.plist";
				PRODUCT_NAME = "$(TARGET_NAME)";
				WRAPPER_EXTENSION = app;
			};
			name = Debug;
		};
		04199461193798760089E457 /* Release */ = {
			isa = XCBuildConfiguration;
			buildSettings = {
				ASSETCATALOG_COMPILER_APPICON_NAME = AppIcon;
				ASSETCATALOG_COMPILER_LAUNCHIMAGE_NAME = LaunchImage;
				GCC_PRECOMPILE_PREFIX_HEADER = YES;
				GCC_PREFIX_HEADER = "Git test/Git test-Prefix.pch";
				INFOPLIST_FILE = "Git test/Git test-Info.plist";
				PRODUCT_NAME = "$(TARGET_NAME)";
				WRAPPER_EXTENSION = app;
			};
			name = Release;
		};
		04199463193798760089E457 /* Debug */ = {
			isa = XCBuildConfiguration;
			buildSettings = {
				BUNDLE_LOADER = "$(BUILT_PRODUCTS_DIR)/Git test.app/Git test";
				FRAMEWORK_SEARCH_PATHS = (
					"$(SDKROOT)/Developer/Library/Frameworks",
					"$(inherited)",
					"$(DEVELOPER_FRAMEWORKS_DIR)",
				);
				GCC_PRECOMPILE_PREFIX_HEADER = YES;
				GCC_PREFIX_HEADER = "Git test/Git test-Prefix.pch";
				GCC_PREPROCESSOR_DEFINITIONS = (
					"DEBUG=1",
					"$(inherited)",
				);
				INFOPLIST_FILE = "Git testTests/Git testTests-Info.plist";
				PRODUCT_NAME = "$(TARGET_NAME)";
				TEST_HOST = "$(BUNDLE_LOADER)";
				WRAPPER_EXTENSION = xctest;
			};
			name = Debug;
		};
		04199464193798760089E457 /* Release */ = {
			isa = XCBuildConfiguration;
			buildSettings = {
				BUNDLE_LOADER = "$(BUILT_PRODUCTS_DIR)/Git test.app/Git test";
				FRAMEWORK_SEARCH_PATHS = (
					"$(SDKROOT)/Developer/Library/Frameworks",
					"$(inherited)",
					"$(DEVELOPER_FRAMEWORKS_DIR)",
				);
				GCC_PRECOMPILE_PREFIX_HEADER = YES;
				GCC_PREFIX_HEADER = "Git test/Git test-Prefix.pch";
				INFOPLIST_FILE = "Git testTests/Git testTests-Info.plist";
				PRODUCT_NAME = "$(TARGET_NAME)";
				TEST_HOST = "$(BUNDLE_LOADER)";
				WRAPPER_EXTENSION = xctest;
			};
			name = Release;
		};
/* End XCBuildConfiguration section */

/* Begin XCConfigurationList section */
		04199428193798760089E457 /* Build configuration list for PBXProject "Git test" */ = {
			isa = XCConfigurationList;
			buildConfigurations = (
				0419945D193798760089E457 /* Debug */,
				0419945E193798760089E457 /* Release */,
			);
			defaultConfigurationIsVisible = 0;
			defaultConfigurationName = Release;
		};
		0419945F193798760089E457 /* Build configuration list for PBXNativeTarget "Git test" */ = {
			isa = XCConfigurationList;
			buildConfigurations = (
				04199460193798760089E457 /* Debug */,
				04199461193798760089E457 /* Release */,
			);
			defaultConfigurationIsVisible = 0;
		};
		04199462193798760089E457 /* Build configuration list for PBXNativeTarget "Git testTests" */ = {
			isa = XCConfigurationList;
			buildConfigurations = (
				04199463193798760089E457 /* Debug */,
				04199464193798760089E457 /* Release */,
			);
			defaultConfigurationIsVisible = 0;
		};
/* End XCConfigurationList section */
	};
	rootObject = 04199425193798760089E457 /* Project object */;
}
